
Microsoft Visual Studio Solution File, Format Version 12.00
# Visual Studio Version 17
VisualStudioVersion = 17.10.35122.118
MinimumVisualStudioVersion = 10.0.40219.1
Project("{9A19103F-16F7-4668-BE54-9A1E7A4F7556}") = "ConsoleUM", "ConsoleUM.csproj", "{C9C0C995-A50C-4665-8F4E-393ABC726BEE}"
EndProject
Global
	GlobalSection(SolutionConfigurationPlatforms) = preSolution
		Debug|Any CPU = Debug|Any CPU
		Release|Any CPU = Release|Any CPU
	EndGlobalSection
	GlobalSection(ProjectConfigurationPlatforms) = postSolution
		{C9C0C995-A50C-4665-8F4E-393ABC726BEE}.Debug|Any CPU.ActiveCfg = Debug|Any CPU
		{C9C0C995-A50C-4665-8F4E-393ABC726BEE}.Debug|Any CPU.Build.0 = Debug|Any CPU
		{C9C0C995-A50C-4665-8F4E-393ABC726BEE}.Release|Any CPU.ActiveCfg = Release|Any CPU
		{C9C0C995-A50C-4665-8F4E-393ABC726BEE}.Release|Any CPU.Build.0 = Release|Any CPU
	EndGlobalSection
	GlobalSection(SolutionProperties) = preSolution
		HideSolutionNode = FALSE
	EndGlobalSection
	GlobalSection(ExtensibilityGlobals) = postSolution
		SolutionGuid = {6E499FDD-4EAC-4C70-B174-60D49DDF9244}
	EndGlobalSection
EndGlobal
